PODS:
  - Pageboy (3.6.2)
  - Tabman (2.9.1):
    - Pageboy (~> 3.6.0)

DEPENDENCIES:
  - Tabman

SPEC REPOS:
  trunk:
    - Pageboy
    - Tabman

SPEC CHECKSUMS:
  Pageboy: cf121b9dd48c63f3f281b2a9ec93d02e0f23879b
  Tabman: 085d89c65be9e883629bdaf5b1453a6397e57846

PODFILE CHECKSUM: 118a0c8be16922eb6c4ca54b2a0406e6072ace25

COCOAPODS: 1.10.0
